github.com/google/go-querystring v1.0.0 h1:Xkwi/a1rcvNg1PPYe5vI8GbeBY/jrVuDX5ASuANWTrk=
github.com/gorilla/mux v1.7.3 h1:gnP5JzjVOuiZD07fKKToCAOjS0yOpj/qPETTXCCS6hw=
github.com/gorilla/mux v1.7.3/go.mod h1:1lud6UwP+6orDFRuTfBEV8e9/aOM/c4fVVCaMa2zaAs=
github.com/lib/pq v1.2.0 h1:LXpIM/LZ5xGFhOpXAQUIMM1HdyqzVYM13zNdjCEEcA0=
github.com/lib/pq v1.2.0/go.mod h1:5WUZQaWbwv1U+lTReE5YruASi9Al49XbQIvNi/34Woo=
github.com/zemirco/couchdb v0.0.0-20170316052722-83ed906ea1f0 h1:ncfUNmGoXbRQh2DKhjVQf1vJhm8njrTLJM9rCKytF3U=
github.com/zemirco/couchdb v0.0.0-20170316052722-83ed906ea1f0/go.mod h1:2lfF+r2iYeSFAqVaSPmeojqCjuQvBWkwzD5lQIkGO8w=
github.com/zemirco/uid v0.0.0-20160129141151-3763f3c45832 h1:NFzxrkF7I0/279WuZocYwF+ApZL9bMoLhoPi+H35Y4E=
github.com/zemirco/uid v0.0.0-20160129141151-3763f3c45832/go.mod h1:F5gG5+oHA+576dKL4mEf0NxBfMjf/yNNV6lVAC85Y8U=
